
Microsoft Visual Studio Solution File, Format Version 12.00
# Visual Studio Version 17
VisualStudioVersion = 17.2.32516.85
MinimumVisualStudioVersion = 10.0.40219.1
Project("{FAE04EC0-301F-11D3-BF4B-00C04F79EFBC}") = "WizWorks", "WizWorks\WizWorks.csproj", "{48027A81-BA11-4CCD-AE36-1FB9A4E459BA}"
EndProject
Global
	GlobalSection(SolutionConfigurationPlatforms) = preSolution
		Debug|Any CPU = Debug|Any CPU
		Release|Any CPU = Release|Any CPU
	EndGlobalSection
	GlobalSection(ProjectConfigurationPlatforms) = postSolution
		{48027A81-BA11-4CCD-AE36-1FB9A4E459BA}.Debug|Any CPU.ActiveCfg = Debug|Any CPU
		{48027A81-BA11-4CCD-AE36-1FB9A4E459BA}.Debug|Any CPU.Build.0 = Debug|Any CPU
		{48027A81-BA11-4CCD-AE36-1FB9A4E459BA}.Release|Any CPU.ActiveCfg = Release|Any CPU
		{48027A81-BA11-4CCD-AE36-1FB9A4E459BA}.Release|Any CPU.Build.0 = Release|Any CPU
	EndGlobalSection
	GlobalSection(SolutionProperties) = preSolution
		HideSolutionNode = FALSE
	EndGlobalSection
	GlobalSection(ExtensibilityGlobals) = postSolution
		SolutionGuid = {CE884AD8-AB47-45E5-8A76-B6EEA4B7DB14}
	EndGlobalSection
EndGlobal
